Microsoft Visual Studio Solution File, Format Version 12.00
# Visual Studio Version 17
VisualStudioVersion = 17.5.2.0
MinimumVisualStudioVersion = 10.0.40219.1
Project("{FAE04EC0-301F-11D3-BF4B-00C04F79EFBC}") = "sqlapp", "sqlapp.csproj", "{4ACCC51F-1B96-96B3-9CF4-E7516574E928}"
EndProject
Global
	GlobalSection(SolutionConfigurationPlatforms) = preSolution
		Debug|Any CPU = Debug|Any CPU
		Release|Any CPU = Release|Any CPU
	EndGlobalSection
	GlobalSection(ProjectConfigurationPlatforms) = postSolution
		{4ACCC51F-1B96-96B3-9CF4-E7516574E928}.Debug|Any CPU.ActiveCfg = Debug|Any CPU
		{4ACCC51F-1B96-96B3-9CF4-E7516574E928}.Debug|Any CPU.Build.0 = Debug|Any CPU
		{4ACCC51F-1B96-96B3-9CF4-E7516574E928}.Release|Any CPU.ActiveCfg = Release|Any CPU
		{4ACCC51F-1B96-96B3-9CF4-E7516574E928}.Release|Any CPU.Build.0 = Release|Any CPU
	EndGlobalSection
	GlobalSection(SolutionProperties) = preSolution
		HideSolutionNode = FALSE
	EndGlobalSection
	GlobalSection(ExtensibilityGlobals) = postSolution
		SolutionGuid = {8ADB72F8-2967-4167-880D-6BBB3C5A64C8}
	EndGlobalSection
EndGlobal
