
Microsoft Visual Studio Solution File, Format Version 12.00
# Visual Studio Version 17
VisualStudioVersion = 17.6.33723.286
MinimumVisualStudioVersion = 10.0.40219.1
Project("{FAE04EC0-301F-11D3-BF4B-00C04F79EFBC}") = "BlobCopy", "BlobCopy\BlobCopy.csproj", "{0FD3A8F9-5ED5-42E9-B969-8AA2375AC03B}"
EndProject
Global
	GlobalSection(SolutionConfigurationPlatforms) = preSolution
		Debug|Any CPU = Debug|Any CPU
		Release|Any CPU = Release|Any CPU
	EndGlobalSection
	GlobalSection(ProjectConfigurationPlatforms) = postSolution
		{0FD3A8F9-5ED5-42E9-B969-8AA2375AC03B}.Debug|Any CPU.ActiveCfg = Debug|Any CPU
		{0FD3A8F9-5ED5-42E9-B969-8AA2375AC03B}.Debug|Any CPU.Build.0 = Debug|Any CPU
		{0FD3A8F9-5ED5-42E9-B969-8AA2375AC03B}.Release|Any CPU.ActiveCfg = Release|Any CPU
		{0FD3A8F9-5ED5-42E9-B969-8AA2375AC03B}.Release|Any CPU.Build.0 = Release|Any CPU
	EndGlobalSection
	GlobalSection(SolutionProperties) = preSolution
		HideSolutionNode = FALSE
	EndGlobalSection
	GlobalSection(ExtensibilityGlobals) = postSolution
		SolutionGuid = {79A36621-F800-4813-80BA-972EE373A371}
	EndGlobalSection
EndGlobal
