
Microsoft Visual Studio Solution File, Format Version 12.00
# Visual Studio Version 17
VisualStudioVersion = 17.5.33530.505
MinimumVisualStudioVersion = 10.0.40219.1
Project("{FAE04EC0-301F-11D3-BF4B-00C04F79EFBC}") = "AzureEventHub-Send", "AzureEventHub-Send\AzureEventHub-Send.csproj", "{899EF0A7-32EF-448C-97F1-2A10A5E6EF8D}"
EndProject
Global
	GlobalSection(SolutionConfigurationPlatforms) = preSolution
		Debug|Any CPU = Debug|Any CPU
		Release|Any CPU = Release|Any CPU
	EndGlobalSection
	GlobalSection(ProjectConfigurationPlatforms) = postSolution
		{899EF0A7-32EF-448C-97F1-2A10A5E6EF8D}.Debug|Any CPU.ActiveCfg = Debug|Any CPU
		{899EF0A7-32EF-448C-97F1-2A10A5E6EF8D}.Debug|Any CPU.Build.0 = Debug|Any CPU
		{899EF0A7-32EF-448C-97F1-2A10A5E6EF8D}.Release|Any CPU.ActiveCfg = Release|Any CPU
		{899EF0A7-32EF-448C-97F1-2A10A5E6EF8D}.Release|Any CPU.Build.0 = Release|Any CPU
	EndGlobalSection
	GlobalSection(SolutionProperties) = preSolution
		HideSolutionNode = FALSE
	EndGlobalSection
	GlobalSection(ExtensibilityGlobals) = postSolution
		SolutionGuid = {EB8586AC-A9BD-43A2-A877-94B2F7ED2B66}
	EndGlobalSection
EndGlobal
